
Microsoft Visual Studio Solution File, Format Version 11.00
# Visual Studio 2010
Project("{FAE04EC0-301F-11D3-BF4B-00C04F79EFBC}") = "AspNet4Prac", "AspNet4Prac\AspNet4Prac.csproj", "{46FDB6EF-2009-43E5-AEAD-4934947C9ECC}"
EndProject
Global
	GlobalSection(SolutionConfigurationPlatforms) = preSolution
		Debug|Any CPU = Debug|Any CPU
		Release|Any CPU = Release|Any CPU
	EndGlobalSection
	GlobalSection(ProjectConfigurationPlatforms) = postSolution
		{46FDB6EF-2009-43E5-AEAD-4934947C9ECC}.Debug|Any CPU.ActiveCfg = Debug|Any CPU
		{46FDB6EF-2009-43E5-AEAD-4934947C9ECC}.Debug|Any CPU.Build.0 = Debug|Any CPU
		{46FDB6EF-2009-43E5-AEAD-4934947C9ECC}.Release|Any CPU.ActiveCfg = Release|Any CPU
		{46FDB6EF-2009-43E5-AEAD-4934947C9ECC}.Release|Any CPU.Build.0 = Release|Any CPU
	EndGlobalSection
	GlobalSection(SolutionProperties) = preSolution
		HideSolutionNode = FALSE
	EndGlobalSection
EndGlobal
